
Microsoft Visual Studio Solution File, Format Version 12.00
# Visual Studio Version 16
VisualStudioVersion = 16.0.31515.178
MinimumVisualStudioVersion = 10.0.40219.1
Project("{9A19103F-16F7-4668-BE54-9A1E7A4F7556}") = "Soccers.Common", "Soccers.Common\Soccers.Common.csproj", "{B1A423D8-3A38-47BF-B724-D1058153DF5B}"
EndProject
Project("{9A19103F-16F7-4668-BE54-9A1E7A4F7556}") = "Soccers.Web", "Soccers.Web\Soccers.Web.csproj", "{6568E768-71A9-42FC-B37D-52671ED35AE4}"
EndProject
Project("{9A19103F-16F7-4668-BE54-9A1E7A4F7556}") = "Soccers.Prism", "Soccers.Prism\Soccers.Prism\Soccers.Prism.csproj", "{8EC7484C-5B0C-4F55-9314-1B7A8F6B8C73}"
EndProject
Project("{FAE04EC0-301F-11D3-BF4B-00C04F79EFBC}") = "Soccers.Prism.Android", "Soccers.Prism\Soccers.Prism.Android\Soccers.Prism.Android.csproj", "{509472EA-8D1D-4767-91D8-B1994A1B7D37}"
EndProject
Project("{FAE04EC0-301F-11D3-BF4B-00C04F79EFBC}") = "Soccers.Prism.iOS", "Soccers.Prism\Soccers.Prism.iOS\Soccers.Prism.iOS.csproj", "{C102F124-CA5F-4479-8537-05F7DE828CB6}"
EndProject
Project("{FAE04EC0-301F-11D3-BF4B-00C04F79EFBC}") = "Soccers.Cross.Android", "Soccers.Cross.Android\Soccers.Cross.Android.csproj", "{670E2759-DDF8-4F88-A367-3BBC340F033A}"
EndProject
Project("{FAE04EC0-301F-11D3-BF4B-00C04F79EFBC}") = "Soccers.Cross.iOS", "Soccers.Cross.iOS\Soccers.Cross.iOS.csproj", "{FA2D3299-DA85-4D17-9FD3-0EAE580FBFB0}"
EndProject
Global
	GlobalSection(SolutionConfigurationPlatforms) = preSolution
		Ad-Hoc|Any CPU = Ad-Hoc|Any CPU
		Ad-Hoc|iPhone = Ad-Hoc|iPhone
		Ad-Hoc|iPhoneSimulator = Ad-Hoc|iPhoneSimulator
		AppStore|Any CPU = AppStore|Any CPU
		AppStore|iPhone = AppStore|iPhone
		AppStore|iPhoneSimulator = AppStore|iPhoneSimulator
		Debug|Any CPU = Debug|Any CPU
		Debug|iPhone = Debug|iPhone
		Debug|iPhoneSimulator = Debug|iPhoneSimulator
		Release|Any CPU = Release|Any CPU
		Release|iPhone = Release|iPhone
		Release|iPhoneSimulator = Release|iPhoneSimulator
	EndGlobalSection
	GlobalSection(ProjectConfigurationPlatforms) = postSolution
		{B1A423D8-3A38-47BF-B724-D1058153DF5B}.Ad-Hoc|Any CPU.ActiveCfg = Debug|Any CPU
		{B1A423D8-3A38-47BF-B724-D1058153DF5B}.Ad-Hoc|Any CPU.Build.0 = Debug|Any CPU
		{B1A423D8-3A38-47BF-B724-D1058153DF5B}.Ad-Hoc|iPhone.ActiveCfg = Debug|Any CPU
		{B1A423D8-3A38-47BF-B724-D1058153DF5B}.Ad-Hoc|iPhone.Build.0 = Debug|Any CPU
		{B1A423D8-3A38-47BF-B724-D1058153DF5B}.Ad-Hoc|iPhoneSimulator.ActiveCfg = Debug|Any CPU
		{B1A423D8-3A38-47BF-B724-D1058153DF5B}.Ad-Hoc|iPhoneSimulator.Build.0 = Debug|Any CPU
		{B1A423D8-3A38-47BF-B724-D1058153DF5B}.AppStore|Any CPU.ActiveCfg = Debug|Any CPU
		{B1A423D8-3A38-47BF-B724-D1058153DF5B}.AppStore|Any CPU.Build.0 = Debug|Any CPU
		{B1A423D8-3A38-47BF-B724-D1058153DF5B}.AppStore|iPhone.ActiveCfg = Debug|Any CPU
		{B1A423D8-3A38-47BF-B724-D1058153DF5B}.AppStore|iPhone.Build.0 = Debug|Any CPU
		{B1A423D8-3A38-47BF-B724-D1058153DF5B}.AppStore|iPhoneSimulator.ActiveCfg = Debug|Any CPU
		{B1A423D8-3A38-47BF-B724-D1058153DF5B}.AppStore|iPhoneSimulator.Build.0 = Debug|Any CPU
		{B1A423D8-3A38-47BF-B724-D1058153DF5B}.Debug|Any CPU.ActiveCfg = Debug|Any CPU
		{B1A423D8-3A38-47BF-B724-D1058153DF5B}.Debug|Any CPU.Build.0 = Debug|Any CPU
		{B1A423D8-3A38-47BF-B724-D1058153DF5B}.Debug|iPhone.ActiveCfg = Debug|Any CPU
		{B1A423D8-3A38-47BF-B724-D1058153DF5B}.Debug|iPhone.Build.0 = Debug|Any CPU
		{B1A423D8-3A38-47BF-B724-D1058153DF5B}.Debug|iPhoneSimulator.ActiveCfg = Debug|Any CPU
		{B1A423D8-3A38-47BF-B724-D1058153DF5B}.Debug|iPhoneSimulator.Build.0 = Debug|Any CPU
		{B1A423D8-3A38-47BF-B724-D1058153DF5B}.Release|Any CPU.ActiveCfg = Release|Any CPU
		{B1A423D8-3A38-47BF-B724-D1058153DF5B}.Release|Any CPU.Build.0 = Release|Any CPU
		{B1A423D8-3A38-47BF-B724-D1058153DF5B}.Release|iPhone.ActiveCfg = Release|Any CPU
		{B1A423D8-3A38-47BF-B724-D1058153DF5B}.Release|iPhone.Build.0 = Release|Any CPU
		{B1A423D8-3A38-47BF-B724-D1058153DF5B}.Release|iPhoneSimulator.ActiveCfg = Release|Any CPU
		{B1A423D8-3A38-47BF-B724-D1058153DF5B}.Release|iPhoneSimulator.Build.0 = Release|Any CPU
		{6568E768-71A9-42FC-B37D-52671ED35AE4}.Ad-Hoc|Any CPU.ActiveCfg = Debug|Any CPU
		{6568E768-71A9-42FC-B37D-52671ED35AE4}.Ad-Hoc|Any CPU.Build.0 = Debug|Any CPU
		{6568E768-71A9-42FC-B37D-52671ED35AE4}.Ad-Hoc|iPhone.ActiveCfg = Debug|Any CPU
		{6568E768-71A9-42FC-B37D-52671ED35AE4}.Ad-Hoc|iPhone.Build.0 = Debug|Any CPU
		{6568E768-71A9-42FC-B37D-52671ED35AE4}.Ad-Hoc|iPhoneSimulator.ActiveCfg = Debug|Any CPU
		{6568E768-71A9-42FC-B37D-52671ED35AE4}.Ad-Hoc|iPhoneSimulator.Build.0 = Debug|Any CPU
		{6568E768-71A9-42FC-B37D-52671ED35AE4}.AppStore|Any CPU.ActiveCfg = Debug|Any CPU
		{6568E768-71A9-42FC-B37D-52671ED35AE4}.AppStore|Any CPU.Build.0 = Debug|Any CPU
		{6568E768-71A9-42FC-B37D-52671ED35AE4}.AppStore|iPhone.ActiveCfg = Debug|Any CPU
		{6568E768-71A9-42FC-B37D-52671ED35AE4}.AppStore|iPhone.Build.0 = Debug|Any CPU
		{6568E768-71A9-42FC-B37D-52671ED35AE4}.AppStore|iPhoneSimulator.ActiveCfg = Debug|Any CPU
		{6568E768-71A9-42FC-B37D-52671ED35AE4}.AppStore|iPhoneSimulator.Build.0 = Debug|Any CPU
		{6568E768-71A9-42FC-B37D-52671ED35AE4}.Debug|Any CPU.ActiveCfg = Debug|Any CPU
		{6568E768-71A9-42FC-B37D-52671ED35AE4}.Debug|Any CPU.Build.0 = Debug|Any CPU
		{6568E768-71A9-42FC-B37D-52671ED35AE4}.Debug|iPhone.ActiveCfg = Debug|Any CPU
		{6568E768-71A9-42FC-B37D-52671ED35AE4}.Debug|iPhone.Build.0 = Debug|Any CPU
		{6568E768-71A9-42FC-B37D-52671ED35AE4}.Debug|iPhoneSimulator.ActiveCfg = Debug|Any CPU
		{6568E768-71A9-42FC-B37D-52671ED35AE4}.Debug|iPhoneSimulator.Build.0 = Debug|Any CPU
		{6568E768-71A9-42FC-B37D-52671ED35AE4}.Release|Any CPU.ActiveCfg = Release|Any CPU
		{6568E768-71A9-42FC-B37D-52671ED35AE4}.Release|Any CPU.Build.0 = Release|Any CPU
		{6568E768-71A9-42FC-B37D-52671ED35AE4}.Release|iPhone.ActiveCfg = Release|Any CPU
		{6568E768-71A9-42FC-B37D-52671ED35AE4}.Release|iPhone.Build.0 = Release|Any CPU
		{6568E768-71A9-42FC-B37D-52671ED35AE4}.Release|iPhoneSimulator.ActiveCfg = Release|Any CPU
		{6568E768-71A9-42FC-B37D-52671ED35AE4}.Release|iPhoneSimulator.Build.0 = Release|Any CPU
		{8EC7484C-5B0C-4F55-9314-1B7A8F6B8C73}.Ad-Hoc|Any CPU.ActiveCfg = Debug|Any CPU
		{8EC7484C-5B0C-4F55-9314-1B7A8F6B8C73}.Ad-Hoc|Any CPU.Build.0 = Debug|Any CPU
		{8EC7484C-5B0C-4F55-9314-1B7A8F6B8C73}.Ad-Hoc|iPhone.ActiveCfg = Debug|Any CPU
		{8EC7484C-5B0C-4F55-9314-1B7A8F6B8C73}.Ad-Hoc|iPhone.Build.0 = Debug|Any CPU
		{8EC7484C-5B0C-4F55-9314-1B7A8F6B8C73}.Ad-Hoc|iPhoneSimulator.ActiveCfg = Debug|Any CPU
		{8EC7484C-5B0C-4F55-9314-1B7A8F6B8C73}.Ad-Hoc|iPhoneSimulator.Build.0 = Debug|Any CPU
		{8EC7484C-5B0C-4F55-9314-1B7A8F6B8C73}.AppStore|Any CPU.ActiveCfg = Debug|Any CPU
		{8EC7484C-5B0C-4F55-9314-1B7A8F6B8C73}.AppStore|Any CPU.Build.0 = Debug|Any CPU
		{8EC7484C-5B0C-4F55-9314-1B7A8F6B8C73}.AppStore|iPhone.ActiveCfg = Debug|Any CPU
		{8EC7484C-5B0C-4F55-9314-1B7A8F6B8C73}.AppStore|iPhone.Build.0 = Debug|Any CPU
		{8EC7484C-5B0C-4F55-9314-1B7A8F6B8C73}.AppStore|iPhoneSimulator.ActiveCfg = Debug|Any CPU
		{8EC7484C-5B0C-4F55-9314-1B7A8F6B8C73}.AppStore|iPhoneSimulator.Build.0 = Debug|Any CPU
		{8EC7484C-5B0C-4F55-9314-1B7A8F6B8C73}.Debug|Any CPU.ActiveCfg = Debug|Any CPU
		{8EC7484C-5B0C-4F55-9314-1B7A8F6B8C73}.Debug|Any CPU.Build.0 = Debug|Any CPU
		{8EC7484C-5B0C-4F55-9314-1B7A8F6B8C73}.Debug|iPhone.ActiveCfg = Debug|Any CPU
		{8EC7484C-5B0C-4F55-9314-1B7A8F6B8C73}.Debug|iPhone.Build.0 = Debug|Any CPU
		{8EC7484C-5B0C-4F55-9314-1B7A8F6B8C73}.Debug|iPhoneSimulator.ActiveCfg = Debug|Any CPU
		{8EC7484C-5B0C-4F55-9314-1B7A8F6B8C73}.Debug|iPhoneSimulator.Build.0 = Debug|Any CPU
		{8EC7484C-5B0C-4F55-9314-1B7A8F6B8C73}.Release|Any CPU.ActiveCfg = Release|Any CPU
		{8EC7484C-5B0C-4F55-9314-1B7A8F6B8C73}.Release|Any CPU.Build.0 = Release|Any CPU
		{8EC7484C-5B0C-4F55-9314-1B7A8F6B8C73}.Release|iPhone.ActiveCfg = Release|Any CPU
		{8EC7484C-5B0C-4F55-9314-1B7A8F6B8C73}.Release|iPhone.Build.0 = Release|Any CPU
		{8EC7484C-5B0C-4F55-9314-1B7A8F6B8C73}.Release|iPhoneSimulator.ActiveCfg = Release|Any CPU
		{8EC7484C-5B0C-4F55-9314-1B7A8F6B8C73}.Release|iPhoneSimulator.Build.0 = Release|Any CPU
		{509472EA-8D1D-4767-91D8-B1994A1B7D37}.Ad-Hoc|Any CPU.ActiveCfg = Debug|Any CPU
		{509472EA-8D1D-4767-91D8-B1994A1B7D37}.Ad-Hoc|Any CPU.Build.0 = Debug|Any CPU
		{509472EA-8D1D-4767-91D8-B1994A1B7D37}.Ad-Hoc|Any CPU.Deploy.0 = Debug|Any CPU
		{509472EA-8D1D-4767-91D8-B1994A1B7D37}.Ad-Hoc|iPhone.ActiveCfg = Debug|Any CPU
		{509472EA-8D1D-4767-91D8-B1994A1B7D37}.Ad-Hoc|iPhone.Build.0 = Debug|Any CPU
		{509472EA-8D1D-4767-91D8-B1994A1B7D37}.Ad-Hoc|iPhone.Deploy.0 = Debug|Any CPU
		{509472EA-8D1D-4767-91D8-B1994A1B7D37}.Ad-Hoc|iPhoneSimulator.ActiveCfg = Debug|Any CPU
		{509472EA-8D1D-4767-91D8-B1994A1B7D37}.Ad-Hoc|iPhoneSimulator.Build.0 = Debug|Any CPU
		{509472EA-8D1D-4767-91D8-B1994A1B7D37}.Ad-Hoc|iPhoneSimulator.Deploy.0 = Debug|Any CPU
		{509472EA-8D1D-4767-91D8-B1994A1B7D37}.AppStore|Any CPU.ActiveCfg = Debug|Any CPU
		{509472EA-8D1D-4767-91D8-B1994A1B7D37}.AppStore|Any CPU.Build.0 = Debug|Any CPU
		{509472EA-8D1D-4767-91D8-B1994A1B7D37}.AppStore|Any CPU.Deploy.0 = Debug|Any CPU
		{509472EA-8D1D-4767-91D8-B1994A1B7D37}.AppStore|iPhone.ActiveCfg = Debug|Any CPU
		{509472EA-8D1D-4767-91D8-B1994A1B7D37}.AppStore|iPhone.Build.0 = Debug|Any CPU
		{509472EA-8D1D-4767-91D8-B1994A1B7D37}.AppStore|iPhone.Deploy.0 = Debug|Any CPU
		{509472EA-8D1D-4767-91D8-B1994A1B7D37}.AppStore|iPhoneSimulator.ActiveCfg = Debug|Any CPU
		{509472EA-8D1D-4767-91D8-B1994A1B7D37}.AppStore|iPhoneSimulator.Build.0 = Debug|Any CPU
		{509472EA-8D1D-4767-91D8-B1994A1B7D37}.AppStore|iPhoneSimulator.Deploy.0 = Debug|Any CPU
		{509472EA-8D1D-4767-91D8-B1994A1B7D37}.Debug|Any CPU.ActiveCfg = Debug|Any CPU
		{509472EA-8D1D-4767-91D8-B1994A1B7D37}.Debug|Any CPU.Build.0 = Debug|Any CPU
		{509472EA-8D1D-4767-91D8-B1994A1B7D37}.Debug|Any CPU.Deploy.0 = Debug|Any CPU
		{509472EA-8D1D-4767-91D8-B1994A1B7D37}.Debug|iPhone.ActiveCfg = Debug|Any CPU
		{509472EA-8D1D-4767-91D8-B1994A1B7D37}.Debug|iPhone.Build.0 = Debug|Any CPU
		{509472EA-8D1D-4767-91D8-B1994A1B7D37}.Debug|iPhone.Deploy.0 = Debug|Any CPU
		{509472EA-8D1D-4767-91D8-B1994A1B7D37}.Debug|iPhoneSimulator.ActiveCfg = Debug|Any CPU
		{509472EA-8D1D-4767-91D8-B1994A1B7D37}.Debug|iPhoneSimulator.Build.0 = Debug|Any CPU
		{509472EA-8D1D-4767-91D8-B1994A1B7D37}.Debug|iPhoneSimulator.Deploy.0 = Debug|Any CPU
		{509472EA-8D1D-4767-91D8-B1994A1B7D37}.Release|Any CPU.ActiveCfg = Release|Any CPU
		{509472EA-8D1D-4767-91D8-B1994A1B7D37}.Release|Any CPU.Build.0 = Release|Any CPU
		{509472EA-8D1D-4767-91D8-B1994A1B7D37}.Release|Any CPU.Deploy.0 = Release|Any CPU
		{509472EA-8D1D-4767-91D8-B1994A1B7D37}.Release|iPhone.ActiveCfg = Release|Any CPU
		{509472EA-8D1D-4767-91D8-B1994A1B7D37}.Release|iPhone.Build.0 = Release|Any CPU
		{509472EA-8D1D-4767-91D8-B1994A1B7D37}.Release|iPhone.Deploy.0 = Release|Any CPU
		{509472EA-8D1D-4767-91D8-B1994A1B7D37}.Release|iPhoneSimulator.ActiveCfg = Release|Any CPU
		{509472EA-8D1D-4767-91D8-B1994A1B7D37}.Release|iPhoneSimulator.Build.0 = Release|Any CPU
		{509472EA-8D1D-4767-91D8-B1994A1B7D37}.Release|iPhoneSimulator.Deploy.0 = Release|Any CPU
		{C102F124-CA5F-4479-8537-05F7DE828CB6}.Ad-Hoc|Any CPU.ActiveCfg = Ad-Hoc|iPhoneSimulator
		{C102F124-CA5F-4479-8537-05F7DE828CB6}.Ad-Hoc|iPhone.ActiveCfg = Ad-Hoc|iPhone
		{C102F124-CA5F-4479-8537-05F7DE828CB6}.Ad-Hoc|iPhone.Build.0 = Ad-Hoc|iPhone
		{C102F124-CA5F-4479-8537-05F7DE828CB6}.Ad-Hoc|iPhoneSimulator.ActiveCfg = Ad-Hoc|iPhoneSimulator
		{C102F124-CA5F-4479-8537-05F7DE828CB6}.Ad-Hoc|iPhoneSimulator.Build.0 = Ad-Hoc|iPhoneSimulator
		{C102F124-CA5F-4479-8537-05F7DE828CB6}.AppStore|Any CPU.ActiveCfg = AppStore|iPhoneSimulator
		{C102F124-CA5F-4479-8537-05F7DE828CB6}.AppStore|iPhone.ActiveCfg = AppStore|iPhone
		{C102F124-CA5F-4479-8537-05F7DE828CB6}.AppStore|iPhone.Build.0 = AppStore|iPhone
		{C102F124-CA5F-4479-8537-05F7DE828CB6}.AppStore|iPhoneSimulator.ActiveCfg = AppStore|iPhoneSimulator
		{C102F124-CA5F-4479-8537-05F7DE828CB6}.AppStore|iPhoneSimulator.Build.0 = AppStore|iPhoneSimulator
		{C102F124-CA5F-4479-8537-05F7DE828CB6}.Debug|Any CPU.ActiveCfg = Debug|iPhoneSimulator
		{C102F124-CA5F-4479-8537-05F7DE828CB6}.Debug|iPhone.ActiveCfg = Debug|iPhone
		{C102F124-CA5F-4479-8537-05F7DE828CB6}.Debug|iPhone.Build.0 = Debug|iPhone
		{C102F124-CA5F-4479-8537-05F7DE828CB6}.Debug|iPhoneSimulator.ActiveCfg = Debug|iPhoneSimulator
		{C102F124-CA5F-4479-8537-05F7DE828CB6}.Debug|iPhoneSimulator.Build.0 = Debug|iPhoneSimulator
		{C102F124-CA5F-4479-8537-05F7DE828CB6}.Release|Any CPU.ActiveCfg = Release|iPhoneSimulator
		{C102F124-CA5F-4479-8537-05F7DE828CB6}.Release|iPhone.ActiveCfg = Release|iPhone
		{C102F124-CA5F-4479-8537-05F7DE828CB6}.Release|iPhone.Build.0 = Release|iPhone
		{C102F124-CA5F-4479-8537-05F7DE828CB6}.Release|iPhoneSimulator.ActiveCfg = Release|iPhoneSimulator
		{C102F124-CA5F-4479-8537-05F7DE828CB6}.Release|iPhoneSimulator.Build.0 = Release|iPhoneSimulator
		{670E2759-DDF8-4F88-A367-3BBC340F033A}.Ad-Hoc|Any CPU.ActiveCfg = Debug|Any CPU
		{670E2759-DDF8-4F88-A367-3BBC340F033A}.Ad-Hoc|Any CPU.Build.0 = Debug|Any CPU
		{670E2759-DDF8-4F88-A367-3BBC340F033A}.Ad-Hoc|Any CPU.Deploy.0 = Debug|Any CPU
		{670E2759-DDF8-4F88-A367-3BBC340F033A}.Ad-Hoc|iPhone.ActiveCfg = Debug|Any CPU
		{670E2759-DDF8-4F88-A367-3BBC340F033A}.Ad-Hoc|iPhone.Build.0 = Debug|Any CPU
		{670E2759-DDF8-4F88-A367-3BBC340F033A}.Ad-Hoc|iPhone.Deploy.0 = Debug|Any CPU
		{670E2759-DDF8-4F88-A367-3BBC340F033A}.Ad-Hoc|iPhoneSimulator.ActiveCfg = Debug|Any CPU
		{670E2759-DDF8-4F88-A367-3BBC340F033A}.Ad-Hoc|iPhoneSimulator.Build.0 = Debug|Any CPU
		{670E2759-DDF8-4F88-A367-3BBC340F033A}.Ad-Hoc|iPhoneSimulator.Deploy.0 = Debug|Any CPU
		{670E2759-DDF8-4F88-A367-3BBC340F033A}.AppStore|Any CPU.ActiveCfg = Debug|Any CPU
		{670E2759-DDF8-4F88-A367-3BBC340F033A}.AppStore|Any CPU.Build.0 = Debug|Any CPU
		{670E2759-DDF8-4F88-A367-3BBC340F033A}.AppStore|Any CPU.Deploy.0 = Debug|Any CPU
		{670E2759-DDF8-4F88-A367-3BBC340F033A}.AppStore|iPhone.ActiveCfg = Debug|Any CPU
		{670E2759-DDF8-4F88-A367-3BBC340F033A}.AppStore|iPhone.Build.0 = Debug|Any CPU
		{670E2759-DDF8-4F88-A367-3BBC340F033A}.AppStore|iPhone.Deploy.0 = Debug|Any CPU
		{670E2759-DDF8-4F88-A367-3BBC340F033A}.AppStore|iPhoneSimulator.ActiveCfg = Debug|Any CPU
		{670E2759-DDF8-4F88-A367-3BBC340F033A}.AppStore|iPhoneSimulator.Build.0 = Debug|Any CPU
		{670E2759-DDF8-4F88-A367-3BBC340F033A}.AppStore|iPhoneSimulator.Deploy.0 = Debug|Any CPU
		{670E2759-DDF8-4F88-A367-3BBC340F033A}.Debug|Any CPU.ActiveCfg = Debug|Any CPU
		{670E2759-DDF8-4F88-A367-3BBC340F033A}.Debug|Any CPU.Build.0 = Debug|Any CPU
		{670E2759-DDF8-4F88-A367-3BBC340F033A}.Debug|Any CPU.Deploy.0 = Debug|Any CPU
		{670E2759-DDF8-4F88-A367-3BBC340F033A}.Debug|iPhone.ActiveCfg = Debug|Any CPU
		{670E2759-DDF8-4F88-A367-3BBC340F033A}.Debug|iPhone.Build.0 = Debug|Any CPU
		{670E2759-DDF8-4F88-A367-3BBC340F033A}.Debug|iPhone.Deploy.0 = Debug|Any CPU
		{670E2759-DDF8-4F88-A367-3BBC340F033A}.Debug|iPhoneSimulator.ActiveCfg = Debug|Any CPU
		{670E2759-DDF8-4F88-A367-3BBC340F033A}.Debug|iPhoneSimulator.Build.0 = Debug|Any CPU
		{670E2759-DDF8-4F88-A367-3BBC340F033A}.Debug|iPhoneSimulator.Deploy.0 = Debug|Any CPU
		{670E2759-DDF8-4F88-A367-3BBC340F033A}.Release|Any CPU.ActiveCfg = Release|Any CPU
		{670E2759-DDF8-4F88-A367-3BBC340F033A}.Release|Any CPU.Build.0 = Release|Any CPU
		{670E2759-DDF8-4F88-A367-3BBC340F033A}.Release|Any CPU.Deploy.0 = Release|Any CPU
		{670E2759-DDF8-4F88-A367-3BBC340F033A}.Release|iPhone.ActiveCfg = Release|Any CPU
		{670E2759-DDF8-4F88-A367-3BBC340F033A}.Release|iPhone.Build.0 = Release|Any CPU
		{670E2759-DDF8-4F88-A367-3BBC340F033A}.Release|iPhone.Deploy.0 = Release|Any CPU
		{670E2759-DDF8-4F88-A367-3BBC340F033A}.Release|iPhoneSimulator.ActiveCfg = Release|Any CPU
		{670E2759-DDF8-4F88-A367-3BBC340F033A}.Release|iPhoneSimulator.Build.0 = Release|Any CPU
		{670E2759-DDF8-4F88-A367-3BBC340F033A}.Release|iPhoneSimulator.Deploy.0 = Release|Any CPU
		{FA2D3299-DA85-4D17-9FD3-0EAE580FBFB0}.Ad-Hoc|Any CPU.ActiveCfg = Debug|iPhoneSimulator
		{FA2D3299-DA85-4D17-9FD3-0EAE580FBFB0}.Ad-Hoc|Any CPU.Build.0 = Debug|iPhoneSimulator
		{FA2D3299-DA85-4D17-9FD3-0EAE580FBFB0}.Ad-Hoc|iPhone.ActiveCfg = Debug|iPhone
		{FA2D3299-DA85-4D17-9FD3-0EAE580FBFB0}.Ad-Hoc|iPhone.Build.0 = Debug|iPhone
		{FA2D3299-DA85-4D17-9FD3-0EAE580FBFB0}.Ad-Hoc|iPhoneSimulator.ActiveCfg = Debug|iPhoneSimulator
		{FA2D3299-DA85-4D17-9FD3-0EAE580FBFB0}.Ad-Hoc|iPhoneSimulator.Build.0 = Debug|iPhoneSimulator
		{FA2D3299-DA85-4D17-9FD3-0EAE580FBFB0}.AppStore|Any CPU.ActiveCfg = Debug|iPhoneSimulator
		{FA2D3299-DA85-4D17-9FD3-0EAE580FBFB0}.AppStore|Any CPU.Build.0 = Debug|iPhoneSimulator
		{FA2D3299-DA85-4D17-9FD3-0EAE580FBFB0}.AppStore|iPhone.ActiveCfg = Debug|iPhone
		{FA2D3299-DA85-4D17-9FD3-0EAE580FBFB0}.AppStore|iPhone.Build.0 = Debug|iPhone
		{FA2D3299-DA85-4D17-9FD3-0EAE580FBFB0}.AppStore|iPhoneSimulator.ActiveCfg = Debug|iPhoneSimulator
		{FA2D3299-DA85-4D17-9FD3-0EAE580FBFB0}.AppStore|iPhoneSimulator.Build.0 = Debug|iPhoneSimulator
		{FA2D3299-DA85-4D17-9FD3-0EAE580FBFB0}.Debug|Any CPU.ActiveCfg = Debug|iPhoneSimulator
		{FA2D3299-DA85-4D17-9FD3-0EAE580FBFB0}.Debug|iPhone.ActiveCfg = Debug|iPhone
		{FA2D3299-DA85-4D17-9FD3-0EAE580FBFB0}.Debug|iPhone.Build.0 = Debug|iPhone
		{FA2D3299-DA85-4D17-9FD3-0EAE580FBFB0}.Debug|iPhoneSimulator.ActiveCfg = Debug|iPhoneSimulator
		{FA2D3299-DA85-4D17-9FD3-0EAE580FBFB0}.Debug|iPhoneSimulator.Build.0 = Debug|iPhoneSimulator
		{FA2D3299-DA85-4D17-9FD3-0EAE580FBFB0}.Release|Any CPU.ActiveCfg = Release|iPhoneSimulator
		{FA2D3299-DA85-4D17-9FD3-0EAE580FBFB0}.Release|iPhone.ActiveCfg = Release|iPhone
		{FA2D3299-DA85-4D17-9FD3-0EAE580FBFB0}.Release|iPhone.Build.0 = Release|iPhone
		{FA2D3299-DA85-4D17-9FD3-0EAE580FBFB0}.Release|iPhoneSimulator.ActiveCfg = Release|iPhoneSimulator
		{FA2D3299-DA85-4D17-9FD3-0EAE580FBFB0}.Release|iPhoneSimulator.Build.0 = Release|iPhoneSimulator
	EndGlobalSection
	GlobalSection(SolutionProperties) = preSolution
		HideSolutionNode = FALSE
	EndGlobalSection
	GlobalSection(ExtensibilityGlobals) = postSolution
		SolutionGuid = {4CADF411-720D-4DB8-87BF-16C1349655B7}
	EndGlobalSection
EndGlobal
